
Microsoft Visual Studio Solution File, Format Version 12.00
# Visual Studio Version 17
VisualStudioVersion = 17.11.35327.3
MinimumVisualStudioVersion = 10.0.40219.1
Project("{FAE04EC0-301F-11D3-BF4B-00C04F79EFBC}") = "Presentaciòn", "Presentaciòn\Presentaciòn.csproj", "{15F09996-54B5-41AF-9568-55829B779E75}"
EndProject
Project("{FAE04EC0-301F-11D3-BF4B-00C04F79EFBC}") = "capa_datos", "Datos\capa_datos.csproj", "{83902075-9D55-4D78-89CC-4B997C402824}"
EndProject
Project("{FAE04EC0-301F-11D3-BF4B-00C04F79EFBC}") = "Seguridad", "Seguridad\Seguridad.csproj", "{9F458B09-4E34-4335-86E6-16B5F0498BC4}"
EndProject
Project("{FAE04EC0-301F-11D3-BF4B-00C04F79EFBC}") = "C_Logica", "C_Logica\C_Logica.csproj", "{9B4173F4-61C1-4A7D-AAE3-7B6E19233E0F}"
EndProject
Global
	GlobalSection(SolutionConfigurationPlatforms) = preSolution
		Debug|Any CPU = Debug|Any CPU
		Release|Any CPU = Release|Any CPU
	EndGlobalSection
	GlobalSection(ProjectConfigurationPlatforms) = postSolution
		{15F09996-54B5-41AF-9568-55829B779E75}.Debug|Any CPU.ActiveCfg = Debug|Any CPU
		{15F09996-54B5-41AF-9568-55829B779E75}.Debug|Any CPU.Build.0 = Debug|Any CPU
		{15F09996-54B5-41AF-9568-55829B779E75}.Release|Any CPU.ActiveCfg = Release|Any CPU
		{15F09996-54B5-41AF-9568-55829B779E75}.Release|Any CPU.Build.0 = Release|Any CPU
		{83902075-9D55-4D78-89CC-4B997C402824}.Debug|Any CPU.ActiveCfg = Debug|Any CPU
		{83902075-9D55-4D78-89CC-4B997C402824}.Debug|Any CPU.Build.0 = Debug|Any CPU
		{83902075-9D55-4D78-89CC-4B997C402824}.Release|Any CPU.ActiveCfg = Release|Any CPU
		{83902075-9D55-4D78-89CC-4B997C402824}.Release|Any CPU.Build.0 = Release|Any CPU
		{9F458B09-4E34-4335-86E6-16B5F0498BC4}.Debug|Any CPU.ActiveCfg = Debug|Any CPU
		{9F458B09-4E34-4335-86E6-16B5F0498BC4}.Debug|Any CPU.Build.0 = Debug|Any CPU
		{9F458B09-4E34-4335-86E6-16B5F0498BC4}.Release|Any CPU.ActiveCfg = Release|Any CPU
		{9F458B09-4E34-4335-86E6-16B5F0498BC4}.Release|Any CPU.Build.0 = Release|Any CPU
		{9B4173F4-61C1-4A7D-AAE3-7B6E19233E0F}.Debug|Any CPU.ActiveCfg = Debug|Any CPU
		{9B4173F4-61C1-4A7D-AAE3-7B6E19233E0F}.Debug|Any CPU.Build.0 = Debug|Any CPU
		{9B4173F4-61C1-4A7D-AAE3-7B6E19233E0F}.Release|Any CPU.ActiveCfg = Release|Any CPU
		{9B4173F4-61C1-4A7D-AAE3-7B6E19233E0F}.Release|Any CPU.Build.0 = Release|Any CPU
	EndGlobalSection
	GlobalSection(SolutionProperties) = preSolution
		HideSolutionNode = FALSE
	EndGlobalSection
	GlobalSection(ExtensibilityGlobals) = postSolution
		SolutionGuid = {C7ADAAE6-FC72-4C62-9D18-59A146C2381B}
	EndGlobalSection
EndGlobal
